
Microsoft Visual Studio Solution File, Format Version 12.00
# Visual Studio Version 17
VisualStudioVersion = 17.3.32929.385
MinimumVisualStudioVersion = 10.0.40219.1
Project("{9A19103F-16F7-4668-BE54-9A1E7A4F7556}") = "Facade", "Structural\Facade\Facade.csproj", "{0640A459-EDE2-4C01-B2C3-E2524ACF7D84}"
EndProject
Project("{9A19103F-16F7-4668-BE54-9A1E7A4F7556}") = "Adapter", "Structural\Adapter\Adapter.csproj", "{D6243D5B-FF54-4DAE-B203-2E6E4D6279B2}"
EndProject
Project("{9A19103F-16F7-4668-BE54-9A1E7A4F7556}") = "Bridge", "Structural\Bridge\Bridge.csproj", "{A919F35C-8DF7-4A23-90B6-358DD85C2491}"
EndProject
Project("{9A19103F-16F7-4668-BE54-9A1E7A4F7556}") = "Composite", "Structural\Composite\Composite.csproj", "{1C1F5113-1F61-4C00-A511-D05F3E0BA1D7}"
EndProject
Project("{9A19103F-16F7-4668-BE54-9A1E7A4F7556}") = "Decorator", "Structural\Decorator\Decorator.csproj", "{D1D0C30C-FA1D-44E9-A7E3-4D1AE19A5632}"
EndProject
Project("{9A19103F-16F7-4668-BE54-9A1E7A4F7556}") = "Proxy", "Structural\Proxy\Proxy.csproj", "{D18CA6CE-618C-4D78-AD11-75EB7AF5D8F0}"
EndProject
Project("{2150E333-8FDC-42A3-9474-1A3956D46DE8}") = "Structural", "Structural", "{910A9CF9-0D80-465B-B74C-3588FFF4EB05}"
EndProject
Project("{9A19103F-16F7-4668-BE54-9A1E7A4F7556}") = "Flyweight", "Structural\Flyweight\Flyweight.csproj", "{755E39DB-16BB-4FB9-8DC6-7D1C77A8BB5D}"
EndProject
Project("{2150E333-8FDC-42A3-9474-1A3956D46DE8}") = "Creational", "Creational", "{D1B28E09-726E-4258-A06D-7A80B9200B6B}"
EndProject
Project("{9A19103F-16F7-4668-BE54-9A1E7A4F7556}") = "FactoryMethod", "Creational\FactoryMethod\FactoryMethod.csproj", "{E7B4939C-0638-4F79-9F01-3D55537CD669}"
EndProject
Project("{9A19103F-16F7-4668-BE54-9A1E7A4F7556}") = "AbstractFactory", "Creational\AbstractFactory\AbstractFactory.csproj", "{AE522469-EDE4-4906-8934-8E7ECB72E5C5}"
EndProject
Project("{9A19103F-16F7-4668-BE54-9A1E7A4F7556}") = "Builder", "Creational\Builder\Builder.csproj", "{D121C459-351F-46E0-978E-66616F49551D}"
EndProject
Project("{9A19103F-16F7-4668-BE54-9A1E7A4F7556}") = "Prototype", "Creational\Prototype\Prototype.csproj", "{4E0BF307-004C-4574-8003-FAF021640ECE}"
EndProject
Project("{9A19103F-16F7-4668-BE54-9A1E7A4F7556}") = "Singleton", "Creational\Singleton\Singleton.csproj", "{487A46AE-DFEB-4A98-A80B-91620779F8D4}"
EndProject
Project("{2150E333-8FDC-42A3-9474-1A3956D46DE8}") = "Behavioral", "Behavioral", "{ADDC6C36-6EC6-440B-8736-7871F061842C}"
EndProject
Project("{FAE04EC0-301F-11D3-BF4B-00C04F79EFBC}") = "ChainOfResponsibility", "Behavioral\ChainOfResponsibility\ChainOfResponsibility.csproj", "{3981BB56-F45A-4BCF-9FEE-179FB6D21A71}"
EndProject
Project("{FAE04EC0-301F-11D3-BF4B-00C04F79EFBC}") = "Command", "Behavioral\Command\Command.csproj", "{15656A39-4469-4983-9EDD-4E71649FF5B5}"
EndProject
Project("{FAE04EC0-301F-11D3-BF4B-00C04F79EFBC}") = "Iterator", "Behavioral\Iterator\Iterator.csproj", "{E97D0298-0453-478B-B0E5-408615048BCC}"
EndProject
Project("{FAE04EC0-301F-11D3-BF4B-00C04F79EFBC}") = "Mediator", "Behavioral\Mediator\Mediator.csproj", "{09C02E98-4006-4D23-A9B4-10836F5603E6}"
EndProject
Project("{FAE04EC0-301F-11D3-BF4B-00C04F79EFBC}") = "Observer", "Behavioral\Observer\Observer.csproj", "{74457B85-60D0-457B-A8E2-418825E41155}"
EndProject
Project("{FAE04EC0-301F-11D3-BF4B-00C04F79EFBC}") = "State", "Behavioral\State\State.csproj", "{3A4ADC82-D49F-4DFB-8557-965BBE1E47ED}"
EndProject
Project("{FAE04EC0-301F-11D3-BF4B-00C04F79EFBC}") = "Strategy", "Behavioral\Strategy\Strategy.csproj", "{B52A6DD6-93A3-44BA-9107-3137B215F689}"
EndProject
Project("{FAE04EC0-301F-11D3-BF4B-00C04F79EFBC}") = "TemplateMethod", "Behavioral\TemplateMethod\TemplateMethod.csproj", "{A753CE3E-EB20-4478-89F6-8AECFFC1E9B6}"
EndProject
Global
	GlobalSection(SolutionConfigurationPlatforms) = preSolution
		Debug|Any CPU = Debug|Any CPU
		Release|Any CPU = Release|Any CPU
	EndGlobalSection
	GlobalSection(ProjectConfigurationPlatforms) = postSolution
		{0640A459-EDE2-4C01-B2C3-E2524ACF7D84}.Debug|Any CPU.ActiveCfg = Debug|Any CPU
		{0640A459-EDE2-4C01-B2C3-E2524ACF7D84}.Debug|Any CPU.Build.0 = Debug|Any CPU
		{0640A459-EDE2-4C01-B2C3-E2524ACF7D84}.Release|Any CPU.ActiveCfg = Release|Any CPU
		{0640A459-EDE2-4C01-B2C3-E2524ACF7D84}.Release|Any CPU.Build.0 = Release|Any CPU
		{D6243D5B-FF54-4DAE-B203-2E6E4D6279B2}.Debug|Any CPU.ActiveCfg = Debug|Any CPU
		{D6243D5B-FF54-4DAE-B203-2E6E4D6279B2}.Debug|Any CPU.Build.0 = Debug|Any CPU
		{D6243D5B-FF54-4DAE-B203-2E6E4D6279B2}.Release|Any CPU.ActiveCfg = Release|Any CPU
		{D6243D5B-FF54-4DAE-B203-2E6E4D6279B2}.Release|Any CPU.Build.0 = Release|Any CPU
		{A919F35C-8DF7-4A23-90B6-358DD85C2491}.Debug|Any CPU.ActiveCfg = Debug|Any CPU
		{A919F35C-8DF7-4A23-90B6-358DD85C2491}.Debug|Any CPU.Build.0 = Debug|Any CPU
		{A919F35C-8DF7-4A23-90B6-358DD85C2491}.Release|Any CPU.ActiveCfg = Release|Any CPU
		{A919F35C-8DF7-4A23-90B6-358DD85C2491}.Release|Any CPU.Build.0 = Release|Any CPU
		{1C1F5113-1F61-4C00-A511-D05F3E0BA1D7}.Debug|Any CPU.ActiveCfg = Debug|Any CPU
		{1C1F5113-1F61-4C00-A511-D05F3E0BA1D7}.Debug|Any CPU.Build.0 = Debug|Any CPU
		{1C1F5113-1F61-4C00-A511-D05F3E0BA1D7}.Release|Any CPU.ActiveCfg = Release|Any CPU
		{1C1F5113-1F61-4C00-A511-D05F3E0BA1D7}.Release|Any CPU.Build.0 = Release|Any CPU
		{D1D0C30C-FA1D-44E9-A7E3-4D1AE19A5632}.Debug|Any CPU.ActiveCfg = Debug|Any CPU
		{D1D0C30C-FA1D-44E9-A7E3-4D1AE19A5632}.Debug|Any CPU.Build.0 = Debug|Any CPU
		{D1D0C30C-FA1D-44E9-A7E3-4D1AE19A5632}.Release|Any CPU.ActiveCfg = Release|Any CPU
		{D1D0C30C-FA1D-44E9-A7E3-4D1AE19A5632}.Release|Any CPU.Build.0 = Release|Any CPU
		{D18CA6CE-618C-4D78-AD11-75EB7AF5D8F0}.Debug|Any CPU.ActiveCfg = Debug|Any CPU
		{D18CA6CE-618C-4D78-AD11-75EB7AF5D8F0}.Debug|Any CPU.Build.0 = Debug|Any CPU
		{D18CA6CE-618C-4D78-AD11-75EB7AF5D8F0}.Release|Any CPU.ActiveCfg = Release|Any CPU
		{D18CA6CE-618C-4D78-AD11-75EB7AF5D8F0}.Release|Any CPU.Build.0 = Release|Any CPU
		{755E39DB-16BB-4FB9-8DC6-7D1C77A8BB5D}.Debug|Any CPU.ActiveCfg = Debug|Any CPU
		{755E39DB-16BB-4FB9-8DC6-7D1C77A8BB5D}.Debug|Any CPU.Build.0 = Debug|Any CPU
		{755E39DB-16BB-4FB9-8DC6-7D1C77A8BB5D}.Release|Any CPU.ActiveCfg = Release|Any CPU
		{755E39DB-16BB-4FB9-8DC6-7D1C77A8BB5D}.Release|Any CPU.Build.0 = Release|Any CPU
		{E7B4939C-0638-4F79-9F01-3D55537CD669}.Debug|Any CPU.ActiveCfg = Debug|Any CPU
		{E7B4939C-0638-4F79-9F01-3D55537CD669}.Debug|Any CPU.Build.0 = Debug|Any CPU
		{E7B4939C-0638-4F79-9F01-3D55537CD669}.Release|Any CPU.ActiveCfg = Release|Any CPU
		{E7B4939C-0638-4F79-9F01-3D55537CD669}.Release|Any CPU.Build.0 = Release|Any CPU
		{AE522469-EDE4-4906-8934-8E7ECB72E5C5}.Debug|Any CPU.ActiveCfg = Debug|Any CPU
		{AE522469-EDE4-4906-8934-8E7ECB72E5C5}.Debug|Any CPU.Build.0 = Debug|Any CPU
		{AE522469-EDE4-4906-8934-8E7ECB72E5C5}.Release|Any CPU.ActiveCfg = Release|Any CPU
		{AE522469-EDE4-4906-8934-8E7ECB72E5C5}.Release|Any CPU.Build.0 = Release|Any CPU
		{D121C459-351F-46E0-978E-66616F49551D}.Debug|Any CPU.ActiveCfg = Debug|Any CPU
		{D121C459-351F-46E0-978E-66616F49551D}.Debug|Any CPU.Build.0 = Debug|Any CPU
		{D121C459-351F-46E0-978E-66616F49551D}.Release|Any CPU.ActiveCfg = Release|Any CPU
		{D121C459-351F-46E0-978E-66616F49551D}.Release|Any CPU.Build.0 = Release|Any CPU
		{4E0BF307-004C-4574-8003-FAF021640ECE}.Debug|Any CPU.ActiveCfg = Debug|Any CPU
		{4E0BF307-004C-4574-8003-FAF021640ECE}.Debug|Any CPU.Build.0 = Debug|Any CPU
		{4E0BF307-004C-4574-8003-FAF021640ECE}.Release|Any CPU.ActiveCfg = Release|Any CPU
		{4E0BF307-004C-4574-8003-FAF021640ECE}.Release|Any CPU.Build.0 = Release|Any CPU
		{487A46AE-DFEB-4A98-A80B-91620779F8D4}.Debug|Any CPU.ActiveCfg = Debug|Any CPU
		{487A46AE-DFEB-4A98-A80B-91620779F8D4}.Debug|Any CPU.Build.0 = Debug|Any CPU
		{487A46AE-DFEB-4A98-A80B-91620779F8D4}.Release|Any CPU.ActiveCfg = Release|Any CPU
		{487A46AE-DFEB-4A98-A80B-91620779F8D4}.Release|Any CPU.Build.0 = Release|Any CPU
		{3981BB56-F45A-4BCF-9FEE-179FB6D21A71}.Debug|Any CPU.ActiveCfg = Debug|Any CPU
		{3981BB56-F45A-4BCF-9FEE-179FB6D21A71}.Debug|Any CPU.Build.0 = Debug|Any CPU
		{3981BB56-F45A-4BCF-9FEE-179FB6D21A71}.Release|Any CPU.ActiveCfg = Release|Any CPU
		{3981BB56-F45A-4BCF-9FEE-179FB6D21A71}.Release|Any CPU.Build.0 = Release|Any CPU
		{15656A39-4469-4983-9EDD-4E71649FF5B5}.Debug|Any CPU.ActiveCfg = Debug|Any CPU
		{15656A39-4469-4983-9EDD-4E71649FF5B5}.Debug|Any CPU.Build.0 = Debug|Any CPU
		{15656A39-4469-4983-9EDD-4E71649FF5B5}.Release|Any CPU.ActiveCfg = Release|Any CPU
		{15656A39-4469-4983-9EDD-4E71649FF5B5}.Release|Any CPU.Build.0 = Release|Any CPU
		{E97D0298-0453-478B-B0E5-408615048BCC}.Debug|Any CPU.ActiveCfg = Debug|Any CPU
		{E97D0298-0453-478B-B0E5-408615048BCC}.Debug|Any CPU.Build.0 = Debug|Any CPU
		{E97D0298-0453-478B-B0E5-408615048BCC}.Release|Any CPU.ActiveCfg = Release|Any CPU
		{E97D0298-0453-478B-B0E5-408615048BCC}.Release|Any CPU.Build.0 = Release|Any CPU
		{09C02E98-4006-4D23-A9B4-10836F5603E6}.Debug|Any CPU.ActiveCfg = Debug|Any CPU
		{09C02E98-4006-4D23-A9B4-10836F5603E6}.Debug|Any CPU.Build.0 = Debug|Any CPU
		{09C02E98-4006-4D23-A9B4-10836F5603E6}.Release|Any CPU.ActiveCfg = Release|Any CPU
		{09C02E98-4006-4D23-A9B4-10836F5603E6}.Release|Any CPU.Build.0 = Release|Any CPU
		{74457B85-60D0-457B-A8E2-418825E41155}.Debug|Any CPU.ActiveCfg = Debug|Any CPU
		{74457B85-60D0-457B-A8E2-418825E41155}.Debug|Any CPU.Build.0 = Debug|Any CPU
		{74457B85-60D0-457B-A8E2-418825E41155}.Release|Any CPU.ActiveCfg = Release|Any CPU
		{74457B85-60D0-457B-A8E2-418825E41155}.Release|Any CPU.Build.0 = Release|Any CPU
		{3A4ADC82-D49F-4DFB-8557-965BBE1E47ED}.Debug|Any CPU.ActiveCfg = Debug|Any CPU
		{3A4ADC82-D49F-4DFB-8557-965BBE1E47ED}.Debug|Any CPU.Build.0 = Debug|Any CPU
		{3A4ADC82-D49F-4DFB-8557-965BBE1E47ED}.Release|Any CPU.ActiveCfg = Release|Any CPU
		{3A4ADC82-D49F-4DFB-8557-965BBE1E47ED}.Release|Any CPU.Build.0 = Release|Any CPU
		{B52A6DD6-93A3-44BA-9107-3137B215F689}.Debug|Any CPU.ActiveCfg = Debug|Any CPU
		{B52A6DD6-93A3-44BA-9107-3137B215F689}.Debug|Any CPU.Build.0 = Debug|Any CPU
		{B52A6DD6-93A3-44BA-9107-3137B215F689}.Release|Any CPU.ActiveCfg = Release|Any CPU
		{B52A6DD6-93A3-44BA-9107-3137B215F689}.Release|Any CPU.Build.0 = Release|Any CPU
		{A753CE3E-EB20-4478-89F6-8AECFFC1E9B6}.Debug|Any CPU.ActiveCfg = Debug|Any CPU
		{A753CE3E-EB20-4478-89F6-8AECFFC1E9B6}.Debug|Any CPU.Build.0 = Debug|Any CPU
		{A753CE3E-EB20-4478-89F6-8AECFFC1E9B6}.Release|Any CPU.ActiveCfg = Release|Any CPU
		{A753CE3E-EB20-4478-89F6-8AECFFC1E9B6}.Release|Any CPU.Build.0 = Release|Any CPU
	EndGlobalSection
	GlobalSection(SolutionProperties) = preSolution
		HideSolutionNode = FALSE
	EndGlobalSection
	GlobalSection(NestedProjects) = preSolution
		{0640A459-EDE2-4C01-B2C3-E2524ACF7D84} = {910A9CF9-0D80-465B-B74C-3588FFF4EB05}
		{D6243D5B-FF54-4DAE-B203-2E6E4D6279B2} = {910A9CF9-0D80-465B-B74C-3588FFF4EB05}
		{A919F35C-8DF7-4A23-90B6-358DD85C2491} = {910A9CF9-0D80-465B-B74C-3588FFF4EB05}
		{1C1F5113-1F61-4C00-A511-D05F3E0BA1D7} = {910A9CF9-0D80-465B-B74C-3588FFF4EB05}
		{D1D0C30C-FA1D-44E9-A7E3-4D1AE19A5632} = {910A9CF9-0D80-465B-B74C-3588FFF4EB05}
		{D18CA6CE-618C-4D78-AD11-75EB7AF5D8F0} = {910A9CF9-0D80-465B-B74C-3588FFF4EB05}
		{755E39DB-16BB-4FB9-8DC6-7D1C77A8BB5D} = {910A9CF9-0D80-465B-B74C-3588FFF4EB05}
		{E7B4939C-0638-4F79-9F01-3D55537CD669} = {D1B28E09-726E-4258-A06D-7A80B9200B6B}
		{AE522469-EDE4-4906-8934-8E7ECB72E5C5} = {D1B28E09-726E-4258-A06D-7A80B9200B6B}
		{D121C459-351F-46E0-978E-66616F49551D} = {D1B28E09-726E-4258-A06D-7A80B9200B6B}
		{4E0BF307-004C-4574-8003-FAF021640ECE} = {D1B28E09-726E-4258-A06D-7A80B9200B6B}
		{487A46AE-DFEB-4A98-A80B-91620779F8D4} = {D1B28E09-726E-4258-A06D-7A80B9200B6B}
		{3981BB56-F45A-4BCF-9FEE-179FB6D21A71} = {ADDC6C36-6EC6-440B-8736-7871F061842C}
		{15656A39-4469-4983-9EDD-4E71649FF5B5} = {ADDC6C36-6EC6-440B-8736-7871F061842C}
		{E97D0298-0453-478B-B0E5-408615048BCC} = {ADDC6C36-6EC6-440B-8736-7871F061842C}
		{09C02E98-4006-4D23-A9B4-10836F5603E6} = {ADDC6C36-6EC6-440B-8736-7871F061842C}
		{74457B85-60D0-457B-A8E2-418825E41155} = {ADDC6C36-6EC6-440B-8736-7871F061842C}
		{3A4ADC82-D49F-4DFB-8557-965BBE1E47ED} = {ADDC6C36-6EC6-440B-8736-7871F061842C}
		{B52A6DD6-93A3-44BA-9107-3137B215F689} = {ADDC6C36-6EC6-440B-8736-7871F061842C}
		{A753CE3E-EB20-4478-89F6-8AECFFC1E9B6} = {ADDC6C36-6EC6-440B-8736-7871F061842C}
	EndGlobalSection
	GlobalSection(ExtensibilityGlobals) = postSolution
		SolutionGuid = {DE46B5E4-0924-4DA3-B76A-3AE2F81EDA07}
	EndGlobalSection
EndGlobal
